// !$*UTF8*$!
{
	archiveVersion = 1;
	classes = {
	};
	objectVersion = 50;
	objects = {

/* Begin PBXFileReference section */
		BAE1FCCB2426A8A4009EB73D /* README.md */ = {isa = PBXFileReference; lastKnownFileType = net.daringfireball.markdown; path = README.md; sourceTree = "<group>"; };
		BAE1FCCD2426A8DF009EB73D /* index.html */ = {isa = PBXFileReference; lastKnownFileType = text.html; path = index.html; sourceTree = "<group>"; };
/* End PBXFileReference section */

/* Begin PBXGroup section */
		BAE1FCC42426A818009EB73D = {
			isa = PBXGroup;
			children = (
				BAE1FCCB2426A8A4009EB73D /* README.md */,
				BAE1FCCD2426A8DF009EB73D /* index.html */,
				BAE1FCCC2426A8B1009EB73D /* images */,
			);
			sourceTree = "<group>";
		};
		BAE1FCCC2426A8B1009EB73D /* images */ = {
			isa = PBXGroup;
			children = (
			);
			path = images;
			sourceTree = "<group>";
		};
/* End PBXGroup section */

/* Begin PBXProject section */
		BAE1FCC52426A818009EB73D /* Project object */ = {
			isa = PBXProject;
			attributes = {
				LastUpgradeCheck = 1130;
			};
			buildConfigurationList = BAE1FCC82426A818009EB73D /* Build configuration list for PBXProject "TimTr.com" */;
			compatibilityVersion = "Xcode 9.3";
			developmentRegion = en;
			hasScannedForEncodings = 0;
			knownRegions = (
				en,
				Base,
			);
			mainGroup = BAE1FCC42426A818009EB73D;
			projectDirPath = "";
			projectRoot = "";
			targets = (
			);
		};
/* End PBXProject section */

/* Begin XCBuildConfiguration section */
		BAE1FCC92426A819009EB73D /* Debug */ = {
			isa = XCBuildConfiguration;
			buildSettings = {
			};
			name = Debug;
		};
		BAE1FCCA2426A819009EB73D /* Release */ = {
			isa = XCBuildConfiguration;
			buildSettings = {
			};
			name = Release;
		};
/* End XCBuildConfiguration section */

/* Begin XCConfigurationList section */
		BAE1FCC82426A818009EB73D /* Build configuration list for PBXProject "TimTr.com" */ = {
			isa = XCConfigurationList;
			buildConfigurations = (
				BAE1FCC92426A819009EB73D /* Debug */,
				BAE1FCCA2426A819009EB73D /* Release */,
			);
			defaultConfigurationIsVisible = 0;
			defaultConfigurationName = Release;
		};
/* End XCConfigurationList section */
	};
	rootObject = BAE1FCC52426A818009EB73D /* Project object */;
}
